
Microsoft Visual Studio Solution File, Format Version 12.00
# Visual Studio Version 17
VisualStudioVersion = 17.0.31903.59
MinimumVisualStudioVersion = 10.0.40219.1
Project("{2150E333-8FDC-42A3-9474-1A3956D46DE8}") = "agent", "agent", "{A0596E84-2522-6F31-0F43-77167BFA80D0}"
EndProject
Project("{FAE04EC0-301F-11D3-BF4B-00C04F79EFBC}") = "SentinelAI.Agent", "agent\SentinelAI.Agent.csproj", "{EBF39D2B-C5C7-4A57-928D-B70F81DFD4CA}"
EndProject
Project("{2150E333-8FDC-42A3-9474-1A3956D46DE8}") = "shared", "shared", "{4F52FD11-658E-A102-6CD3-7D7C16FFA15B}"
EndProject
Project("{2150E333-8FDC-42A3-9474-1A3956D46DE8}") = "contracts", "contracts", "{85E3A286-880E-ADB0-5CF2-3F1BDB3A4229}"
EndProject
Project("{FAE04EC0-301F-11D3-BF4B-00C04F79EFBC}") = "SentinelAI.Contracts", "shared\contracts\SentinelAI.Contracts.csproj", "{23D61C9F-2B04-40CA-A9BB-849CA3271997}"
EndProject
Project("{2150E333-8FDC-42A3-9474-1A3956D46DE8}") = "core", "core", "{FBF56CC3-7AE6-AD2D-3F14-7F97FD322CD6}"
EndProject
Project("{FAE04EC0-301F-11D3-BF4B-00C04F79EFBC}") = "SentinelAI.Core", "core\SentinelAI.Core.csproj", "{60138FD8-9E5C-406D-A59F-BF8D0E4DB737}"
EndProject
Project("{2150E333-8FDC-42A3-9474-1A3956D46DE8}") = "tests", "tests", "{0AB3BF05-4346-4AA6-1389-037BE0695223}"
EndProject
Project("{FAE04EC0-301F-11D3-BF4B-00C04F79EFBC}") = "SentinelAI.Agent.Tests", "tests\SentinelAI.Agent.Tests\SentinelAI.Agent.Tests.csproj", "{4FCEC0DD-B3D0-4D4F-A132-22E6A0D74264}"
EndProject
Project("{FAE04EC0-301F-11D3-BF4B-00C04F79EFBC}") = "SentinelAI.Core.Tests", "tests\SentinelAI.Core.Tests\SentinelAI.Core.Tests.csproj", "{7F7C201A-0E1F-4056-A1AC-8D9BCD1A0D53}"
EndProject
Project("{2150E333-8FDC-42A3-9474-1A3956D46DE8}") = "rules", "rules", "{8966EFF1-A2EF-89BB-168D-3BE157AAD68F}"
EndProject
Project("{FAE04EC0-301F-11D3-BF4B-00C04F79EFBC}") = "SentinelAI.Rules", "rules\SentinelAI.Rules.csproj", "{7386E1AC-E42E-4468-B270-0719E5D3796B}"
EndProject
Project("{FAE04EC0-301F-11D3-BF4B-00C04F79EFBC}") = "SentinelAI.Rules.Tests", "tests\SentinelAI.Rules.Tests\SentinelAI.Rules.Tests.csproj", "{CDDE271F-180E-49D1-9C7D-82901A692236}"
EndProject
Global
	GlobalSection(SolutionConfigurationPlatforms) = preSolution
		Debug|Any CPU = Debug|Any CPU
		Debug|x64 = Debug|x64
		Debug|x86 = Debug|x86
		Release|Any CPU = Release|Any CPU
		Release|x64 = Release|x64
		Release|x86 = Release|x86
	EndGlobalSection
	GlobalSection(ProjectConfigurationPlatforms) = postSolution
		{EBF39D2B-C5C7-4A57-928D-B70F81DFD4CA}.Debug|Any CPU.ActiveCfg = Debug|Any CPU
		{EBF39D2B-C5C7-4A57-928D-B70F81DFD4CA}.Debug|Any CPU.Build.0 = Debug|Any CPU
		{EBF39D2B-C5C7-4A57-928D-B70F81DFD4CA}.Debug|x64.ActiveCfg = Debug|Any CPU
		{EBF39D2B-C5C7-4A57-928D-B70F81DFD4CA}.Debug|x64.Build.0 = Debug|Any CPU
		{EBF39D2B-C5C7-4A57-928D-B70F81DFD4CA}.Debug|x86.ActiveCfg = Debug|Any CPU
		{EBF39D2B-C5C7-4A57-928D-B70F81DFD4CA}.Debug|x86.Build.0 = Debug|Any CPU
		{EBF39D2B-C5C7-4A57-928D-B70F81DFD4CA}.Release|Any CPU.ActiveCfg = Release|Any CPU
		{EBF39D2B-C5C7-4A57-928D-B70F81DFD4CA}.Release|Any CPU.Build.0 = Release|Any CPU
		{EBF39D2B-C5C7-4A57-928D-B70F81DFD4CA}.Release|x64.ActiveCfg = Release|Any CPU
		{EBF39D2B-C5C7-4A57-928D-B70F81DFD4CA}.Release|x64.Build.0 = Release|Any CPU
		{EBF39D2B-C5C7-4A57-928D-B70F81DFD4CA}.Release|x86.ActiveCfg = Release|Any CPU
		{EBF39D2B-C5C7-4A57-928D-B70F81DFD4CA}.Release|x86.Build.0 = Release|Any CPU
		{23D61C9F-2B04-40CA-A9BB-849CA3271997}.Debug|Any CPU.ActiveCfg = Debug|Any CPU
		{23D61C9F-2B04-40CA-A9BB-849CA3271997}.Debug|Any CPU.Build.0 = Debug|Any CPU
		{23D61C9F-2B04-40CA-A9BB-849CA3271997}.Debug|x64.ActiveCfg = Debug|Any CPU
		{23D61C9F-2B04-40CA-A9BB-849CA3271997}.Debug|x64.Build.0 = Debug|Any CPU
		{23D61C9F-2B04-40CA-A9BB-849CA3271997}.Debug|x86.ActiveCfg = Debug|Any CPU
		{23D61C9F-2B04-40CA-A9BB-849CA3271997}.Debug|x86.Build.0 = Debug|Any CPU
		{23D61C9F-2B04-40CA-A9BB-849CA3271997}.Release|Any CPU.ActiveCfg = Release|Any CPU
		{23D61C9F-2B04-40CA-A9BB-849CA3271997}.Release|Any CPU.Build.0 = Release|Any CPU
		{23D61C9F-2B04-40CA-A9BB-849CA3271997}.Release|x64.ActiveCfg = Release|Any CPU
		{23D61C9F-2B04-40CA-A9BB-849CA3271997}.Release|x64.Build.0 = Release|Any CPU
		{23D61C9F-2B04-40CA-A9BB-849CA3271997}.Release|x86.ActiveCfg = Release|Any CPU
		{23D61C9F-2B04-40CA-A9BB-849CA3271997}.Release|x86.Build.0 = Release|Any CPU
		{60138FD8-9E5C-406D-A59F-BF8D0E4DB737}.Debug|Any CPU.ActiveCfg = Debug|Any CPU
		{60138FD8-9E5C-406D-A59F-BF8D0E4DB737}.Debug|Any CPU.Build.0 = Debug|Any CPU
		{60138FD8-9E5C-406D-A59F-BF8D0E4DB737}.Debug|x64.ActiveCfg = Debug|Any CPU
		{60138FD8-9E5C-406D-A59F-BF8D0E4DB737}.Debug|x64.Build.0 = Debug|Any CPU
		{60138FD8-9E5C-406D-A59F-BF8D0E4DB737}.Debug|x86.ActiveCfg = Debug|Any CPU
		{60138FD8-9E5C-406D-A59F-BF8D0E4DB737}.Debug|x86.Build.0 = Debug|Any CPU
		{60138FD8-9E5C-406D-A59F-BF8D0E4DB737}.Release|Any CPU.ActiveCfg = Release|Any CPU
		{60138FD8-9E5C-406D-A59F-BF8D0E4DB737}.Release|Any CPU.Build.0 = Release|Any CPU
		{60138FD8-9E5C-406D-A59F-BF8D0E4DB737}.Release|x64.ActiveCfg = Release|Any CPU
		{60138FD8-9E5C-406D-A59F-BF8D0E4DB737}.Release|x64.Build.0 = Release|Any CPU
		{60138FD8-9E5C-406D-A59F-BF8D0E4DB737}.Release|x86.ActiveCfg = Release|Any CPU
		{60138FD8-9E5C-406D-A59F-BF8D0E4DB737}.Release|x86.Build.0 = Release|Any CPU
		{4FCEC0DD-B3D0-4D4F-A132-22E6A0D74264}.Debug|Any CPU.ActiveCfg = Debug|Any CPU
		{4FCEC0DD-B3D0-4D4F-A132-22E6A0D74264}.Debug|Any CPU.Build.0 = Debug|Any CPU
		{4FCEC0DD-B3D0-4D4F-A132-22E6A0D74264}.Debug|x64.ActiveCfg = Debug|Any CPU
		{4FCEC0DD-B3D0-4D4F-A132-22E6A0D74264}.Debug|x64.Build.0 = Debug|Any CPU
		{4FCEC0DD-B3D0-4D4F-A132-22E6A0D74264}.Debug|x86.ActiveCfg = Debug|Any CPU
		{4FCEC0DD-B3D0-4D4F-A132-22E6A0D74264}.Debug|x86.Build.0 = Debug|Any CPU
		{4FCEC0DD-B3D0-4D4F-A132-22E6A0D74264}.Release|Any CPU.ActiveCfg = Release|Any CPU
		{4FCEC0DD-B3D0-4D4F-A132-22E6A0D74264}.Release|Any CPU.Build.0 = Release|Any CPU
		{4FCEC0DD-B3D0-4D4F-A132-22E6A0D74264}.Release|x64.ActiveCfg = Release|Any CPU
		{4FCEC0DD-B3D0-4D4F-A132-22E6A0D74264}.Release|x64.Build.0 = Release|Any CPU
		{4FCEC0DD-B3D0-4D4F-A132-22E6A0D74264}.Release|x86.ActiveCfg = Release|Any CPU
		{4FCEC0DD-B3D0-4D4F-A132-22E6A0D74264}.Release|x86.Build.0 = Release|Any CPU
		{7F7C201A-0E1F-4056-A1AC-8D9BCD1A0D53}.Debug|Any CPU.ActiveCfg = Debug|Any CPU
		{7F7C201A-0E1F-4056-A1AC-8D9BCD1A0D53}.Debug|Any CPU.Build.0 = Debug|Any CPU
		{7F7C201A-0E1F-4056-A1AC-8D9BCD1A0D53}.Debug|x64.ActiveCfg = Debug|Any CPU
		{7F7C201A-0E1F-4056-A1AC-8D9BCD1A0D53}.Debug|x64.Build.0 = Debug|Any CPU
		{7F7C201A-0E1F-4056-A1AC-8D9BCD1A0D53}.Debug|x86.ActiveCfg = Debug|Any CPU
		{7F7C201A-0E1F-4056-A1AC-8D9BCD1A0D53}.Debug|x86.Build.0 = Debug|Any CPU
		{7F7C201A-0E1F-4056-A1AC-8D9BCD1A0D53}.Release|Any CPU.ActiveCfg = Release|Any CPU
		{7F7C201A-0E1F-4056-A1AC-8D9BCD1A0D53}.Release|Any CPU.Build.0 = Release|Any CPU
		{7F7C201A-0E1F-4056-A1AC-8D9BCD1A0D53}.Release|x64.ActiveCfg = Release|Any CPU
		{7F7C201A-0E1F-4056-A1AC-8D9BCD1A0D53}.Release|x64.Build.0 = Release|Any CPU
		{7F7C201A-0E1F-4056-A1AC-8D9BCD1A0D53}.Release|x86.ActiveCfg = Release|Any CPU
		{7F7C201A-0E1F-4056-A1AC-8D9BCD1A0D53}.Release|x86.Build.0 = Release|Any CPU
		{7386E1AC-E42E-4468-B270-0719E5D3796B}.Debug|Any CPU.ActiveCfg = Debug|Any CPU
		{7386E1AC-E42E-4468-B270-0719E5D3796B}.Debug|Any CPU.Build.0 = Debug|Any CPU
		{7386E1AC-E42E-4468-B270-0719E5D3796B}.Debug|x64.ActiveCfg = Debug|Any CPU
		{7386E1AC-E42E-4468-B270-0719E5D3796B}.Debug|x64.Build.0 = Debug|Any CPU
		{7386E1AC-E42E-4468-B270-0719E5D3796B}.Debug|x86.ActiveCfg = Debug|Any CPU
		{7386E1AC-E42E-4468-B270-0719E5D3796B}.Debug|x86.Build.0 = Debug|Any CPU
		{7386E1AC-E42E-4468-B270-0719E5D3796B}.Release|Any CPU.ActiveCfg = Release|Any CPU
		{7386E1AC-E42E-4468-B270-0719E5D3796B}.Release|Any CPU.Build.0 = Release|Any CPU
		{7386E1AC-E42E-4468-B270-0719E5D3796B}.Release|x64.ActiveCfg = Release|Any CPU
		{7386E1AC-E42E-4468-B270-0719E5D3796B}.Release|x64.Build.0 = Release|Any CPU
		{7386E1AC-E42E-4468-B270-0719E5D3796B}.Release|x86.ActiveCfg = Release|Any CPU
		{7386E1AC-E42E-4468-B270-0719E5D3796B}.Release|x86.Build.0 = Release|Any CPU
		{CDDE271F-180E-49D1-9C7D-82901A692236}.Debug|Any CPU.ActiveCfg = Debug|Any CPU
		{CDDE271F-180E-49D1-9C7D-82901A692236}.Debug|Any CPU.Build.0 = Debug|Any CPU
		{CDDE271F-180E-49D1-9C7D-82901A692236}.Debug|x64.ActiveCfg = Debug|Any CPU
		{CDDE271F-180E-49D1-9C7D-82901A692236}.Debug|x64.Build.0 = Debug|Any CPU
		{CDDE271F-180E-49D1-9C7D-82901A692236}.Debug|x86.ActiveCfg = Debug|Any CPU
		{CDDE271F-180E-49D1-9C7D-82901A692236}.Debug|x86.Build.0 = Debug|Any CPU
		{CDDE271F-180E-49D1-9C7D-82901A692236}.Release|Any CPU.ActiveCfg = Release|Any CPU
		{CDDE271F-180E-49D1-9C7D-82901A692236}.Release|Any CPU.Build.0 = Release|Any CPU
		{CDDE271F-180E-49D1-9C7D-82901A692236}.Release|x64.ActiveCfg = Release|Any CPU
		{CDDE271F-180E-49D1-9C7D-82901A692236}.Release|x64.Build.0 = Release|Any CPU
		{CDDE271F-180E-49D1-9C7D-82901A692236}.Release|x86.ActiveCfg = Release|Any CPU
		{CDDE271F-180E-49D1-9C7D-82901A692236}.Release|x86.Build.0 = Release|Any CPU
	EndGlobalSection
	GlobalSection(SolutionProperties) = preSolution
		HideSolutionNode = FALSE
	EndGlobalSection
	GlobalSection(NestedProjects) = preSolution
		{EBF39D2B-C5C7-4A57-928D-B70F81DFD4CA} = {A0596E84-2522-6F31-0F43-77167BFA80D0}
		{85E3A286-880E-ADB0-5CF2-3F1BDB3A4229} = {4F52FD11-658E-A102-6CD3-7D7C16FFA15B}
		{23D61C9F-2B04-40CA-A9BB-849CA3271997} = {85E3A286-880E-ADB0-5CF2-3F1BDB3A4229}
		{60138FD8-9E5C-406D-A59F-BF8D0E4DB737} = {FBF56CC3-7AE6-AD2D-3F14-7F97FD322CD6}
		{4FCEC0DD-B3D0-4D4F-A132-22E6A0D74264} = {0AB3BF05-4346-4AA6-1389-037BE0695223}
		{7F7C201A-0E1F-4056-A1AC-8D9BCD1A0D53} = {0AB3BF05-4346-4AA6-1389-037BE0695223}
		{7386E1AC-E42E-4468-B270-0719E5D3796B} = {8966EFF1-A2EF-89BB-168D-3BE157AAD68F}
		{CDDE271F-180E-49D1-9C7D-82901A692236} = {0AB3BF05-4346-4AA6-1389-037BE0695223}
	EndGlobalSection
EndGlobal
