
Microsoft Visual Studio Solution File, Format Version 12.00
# Visual Studio Version 17
VisualStudioVersion = 17.0.31903.59
MinimumVisualStudioVersion = 10.0.40219.1
Project("{2150E333-8FDC-42A3-9474-1A3956D46DE8}") = "agent", "agent", "{A0596E84-2522-6F31-0F43-77167BFA80D0}"
EndProject
Project("{FAE04EC0-301F-11D3-BF4B-00C04F79EFBC}") = "SentinelAI.Agent", "agent\SentinelAI.Agent.csproj", "{EBF39D2B-C5C7-4A57-928D-B70F81DFD4CA}"
EndProject
Project("{2150E333-8FDC-42A3-9474-1A3956D46DE8}") = "shared", "shared", "{4F52FD11-658E-A102-6CD3-7D7C16FFA15B}"
EndProject
Project("{2150E333-8FDC-42A3-9474-1A3956D46DE8}") = "contracts", "contracts", "{85E3A286-880E-ADB0-5CF2-3F1BDB3A4229}"
EndProject
Project("{FAE04EC0-301F-11D3-BF4B-00C04F79EFBC}") = "SentinelAI.Contracts", "shared\contracts\SentinelAI.Contracts.csproj", "{23D61C9F-2B04-40CA-A9BB-849CA3271997}"
EndProject
Project("{2150E333-8FDC-42A3-9474-1A3956D46DE8}") = "core", "core", "{FBF56CC3-7AE6-AD2D-3F14-7F97FD322CD6}"
EndProject
Project("{FAE04EC0-301F-11D3-BF4B-00C04F79EFBC}") = "SentinelAI.Core", "core\SentinelAI.Core.csproj", "{60138FD8-9E5C-406D-A59F-BF8D0E4DB737}"
EndProject
Project("{2150E333-8FDC-42A3-9474-1A3956D46DE8}") = "tests", "tests", "{0AB3BF05-4346-4AA6-1389-037BE0695223}"
EndProject
Project("{FAE04EC0-301F-11D3-BF4B-00C04F79EFBC}") = "SentinelAI.Agent.Tests", "tests\SentinelAI.Agent.Tests\SentinelAI.Agent.Tests.csproj", "{4FCEC0DD-B3D0-4D4F-A132-22E6A0D74264}"
EndProject
Project("{FAE04EC0-301F-11D3-BF4B-00C04F79EFBC}") = "SentinelAI.Core.Tests", "tests\SentinelAI.Core.Tests\SentinelAI.Core.Tests.csproj", "{7F7C201A-0E1F-4056-A1AC-8D9BCD1A0D53}"
EndProject
Project("{2150E333-8FDC-42A3-9474-1A3956D46DE8}") = "rules", "rules", "{8966EFF1-A2EF-89BB-168D-3BE157AAD68F}"
EndProject
Project("{FAE04EC0-301F-11D3-BF4B-00C04F79EFBC}") = "SentinelAI.Rules", "rules\SentinelAI.Rules.csproj", "{7386E1AC-E42E-4468-B270-0719E5D3796B}"
EndProject
Project("{FAE04EC0-301F-11D3-BF4B-00C04F79EFBC}") = "SentinelAI.Rules.Tests", "tests\SentinelAI.Rules.Tests\SentinelAI.Rules.Tests.csproj", "{CDDE271F-180E-49D1-9C7D-82901A692236}"
EndProject
Project("{2150E333-8FDC-42A3-9474-1A3956D46DE8}") = "scoring", "scoring", "{50B9B4A9-43E1-A31E-5DB4-91265D462A62}"
EndProject
Project("{FAE04EC0-301F-11D3-BF4B-00C04F79EFBC}") = "SentinelAI.Scoring", "scoring\SentinelAI.Scoring.csproj", "{64AE5D6A-6233-4657-866F-DBCC1E7DF92E}"
EndProject
Project("{FAE04EC0-301F-11D3-BF4B-00C04F79EFBC}") = "SentinelAI.Scoring.Tests", "tests\SentinelAI.Scoring.Tests\SentinelAI.Scoring.Tests.csproj", "{0D6083E0-352E-417C-869F-3E02ED95F246}"
EndProject
Project("{2150E333-8FDC-42A3-9474-1A3956D46DE8}") = "crypto", "crypto", "{4B989017-9F9B-6999-0909-34F1AFF05706}"
EndProject
Project("{FAE04EC0-301F-11D3-BF4B-00C04F79EFBC}") = "SentinelAI.Licensing", "shared\crypto\SentinelAI.Licensing.csproj", "{AF660EAD-0ED6-4BDD-B524-70FDF783FB82}"
EndProject
Project("{2150E333-8FDC-42A3-9474-1A3956D46DE8}") = "cloud", "cloud", "{CF903B69-61D8-CA65-D62D-F1BA564FAC5B}"
EndProject
Project("{2150E333-8FDC-42A3-9474-1A3956D46DE8}") = "license-api", "license-api", "{7F8E4E6E-CF2F-69FC-98F5-0108D6196449}"
EndProject
Project("{FAE04EC0-301F-11D3-BF4B-00C04F79EFBC}") = "SentinelAI.LicenseApi", "cloud\license-api\SentinelAI.LicenseApi.csproj", "{BE313C50-DC3D-4D31-8DD7-47B1F8171B81}"
EndProject
Project("{FAE04EC0-301F-11D3-BF4B-00C04F79EFBC}") = "SentinelAI.LicenseApi.Tests", "tests\SentinelAI.LicenseApi.Tests\SentinelAI.LicenseApi.Tests.csproj", "{261DA3F9-B2C8-4A5E-9D8D-3714702E7362}"
EndProject
Project("{FAE04EC0-301F-11D3-BF4B-00C04F79EFBC}") = "SentinelAI.Licensing.Tests", "tests\SentinelAI.Licensing.Tests\SentinelAI.Licensing.Tests.csproj", "{D76DED26-96BF-4E3C-A420-7115AC484D15}"
EndProject
Global
	GlobalSection(SolutionConfigurationPlatforms) = preSolution
		Debug|Any CPU = Debug|Any CPU
		Debug|x64 = Debug|x64
		Debug|x86 = Debug|x86
		Release|Any CPU = Release|Any CPU
		Release|x64 = Release|x64
		Release|x86 = Release|x86
	EndGlobalSection
	GlobalSection(ProjectConfigurationPlatforms) = postSolution
		{EBF39D2B-C5C7-4A57-928D-B70F81DFD4CA}.Debug|Any CPU.ActiveCfg = Debug|Any CPU
		{EBF39D2B-C5C7-4A57-928D-B70F81DFD4CA}.Debug|Any CPU.Build.0 = Debug|Any CPU
		{EBF39D2B-C5C7-4A57-928D-B70F81DFD4CA}.Debug|x64.ActiveCfg = Debug|Any CPU
		{EBF39D2B-C5C7-4A57-928D-B70F81DFD4CA}.Debug|x64.Build.0 = Debug|Any CPU
		{EBF39D2B-C5C7-4A57-928D-B70F81DFD4CA}.Debug|x86.ActiveCfg = Debug|Any CPU
		{EBF39D2B-C5C7-4A57-928D-B70F81DFD4CA}.Debug|x86.Build.0 = Debug|Any CPU
		{EBF39D2B-C5C7-4A57-928D-B70F81DFD4CA}.Release|Any CPU.ActiveCfg = Release|Any CPU
		{EBF39D2B-C5C7-4A57-928D-B70F81DFD4CA}.Release|Any CPU.Build.0 = Release|Any CPU
		{EBF39D2B-C5C7-4A57-928D-B70F81DFD4CA}.Release|x64.ActiveCfg = Release|Any CPU
		{EBF39D2B-C5C7-4A57-928D-B70F81DFD4CA}.Release|x64.Build.0 = Release|Any CPU
		{EBF39D2B-C5C7-4A57-928D-B70F81DFD4CA}.Release|x86.ActiveCfg = Release|Any CPU
		{EBF39D2B-C5C7-4A57-928D-B70F81DFD4CA}.Release|x86.Build.0 = Release|Any CPU
		{23D61C9F-2B04-40CA-A9BB-849CA3271997}.Debug|Any CPU.ActiveCfg = Debug|Any CPU
		{23D61C9F-2B04-40CA-A9BB-849CA3271997}.Debug|Any CPU.Build.0 = Debug|Any CPU
		{23D61C9F-2B04-40CA-A9BB-849CA3271997}.Debug|x64.ActiveCfg = Debug|Any CPU
		{23D61C9F-2B04-40CA-A9BB-849CA3271997}.Debug|x64.Build.0 = Debug|Any CPU
		{23D61C9F-2B04-40CA-A9BB-849CA3271997}.Debug|x86.ActiveCfg = Debug|Any CPU
		{23D61C9F-2B04-40CA-A9BB-849CA3271997}.Debug|x86.Build.0 = Debug|Any CPU
		{23D61C9F-2B04-40CA-A9BB-849CA3271997}.Release|Any CPU.ActiveCfg = Release|Any CPU
		{23D61C9F-2B04-40CA-A9BB-849CA3271997}.Release|Any CPU.Build.0 = Release|Any CPU
		{23D61C9F-2B04-40CA-A9BB-849CA3271997}.Release|x64.ActiveCfg = Release|Any CPU
		{23D61C9F-2B04-40CA-A9BB-849CA3271997}.Release|x64.Build.0 = Release|Any CPU
		{23D61C9F-2B04-40CA-A9BB-849CA3271997}.Release|x86.ActiveCfg = Release|Any CPU
		{23D61C9F-2B04-40CA-A9BB-849CA3271997}.Release|x86.Build.0 = Release|Any CPU
		{60138FD8-9E5C-406D-A59F-BF8D0E4DB737}.Debug|Any CPU.ActiveCfg = Debug|Any CPU
		{60138FD8-9E5C-406D-A59F-BF8D0E4DB737}.Debug|Any CPU.Build.0 = Debug|Any CPU
		{60138FD8-9E5C-406D-A59F-BF8D0E4DB737}.Debug|x64.ActiveCfg = Debug|Any CPU
		{60138FD8-9E5C-406D-A59F-BF8D0E4DB737}.Debug|x64.Build.0 = Debug|Any CPU
		{60138FD8-9E5C-406D-A59F-BF8D0E4DB737}.Debug|x86.ActiveCfg = Debug|Any CPU
		{60138FD8-9E5C-406D-A59F-BF8D0E4DB737}.Debug|x86.Build.0 = Debug|Any CPU
		{60138FD8-9E5C-406D-A59F-BF8D0E4DB737}.Release|Any CPU.ActiveCfg = Release|Any CPU
		{60138FD8-9E5C-406D-A59F-BF8D0E4DB737}.Release|Any CPU.Build.0 = Release|Any CPU
		{60138FD8-9E5C-406D-A59F-BF8D0E4DB737}.Release|x64.ActiveCfg = Release|Any CPU
		{60138FD8-9E5C-406D-A59F-BF8D0E4DB737}.Release|x64.Build.0 = Release|Any CPU
		{60138FD8-9E5C-406D-A59F-BF8D0E4DB737}.Release|x86.ActiveCfg = Release|Any CPU
		{60138FD8-9E5C-406D-A59F-BF8D0E4DB737}.Release|x86.Build.0 = Release|Any CPU
		{4FCEC0DD-B3D0-4D4F-A132-22E6A0D74264}.Debug|Any CPU.ActiveCfg = Debug|Any CPU
		{4FCEC0DD-B3D0-4D4F-A132-22E6A0D74264}.Debug|Any CPU.Build.0 = Debug|Any CPU
		{4FCEC0DD-B3D0-4D4F-A132-22E6A0D74264}.Debug|x64.ActiveCfg = Debug|Any CPU
		{4FCEC0DD-B3D0-4D4F-A132-22E6A0D74264}.Debug|x64.Build.0 = Debug|Any CPU
		{4FCEC0DD-B3D0-4D4F-A132-22E6A0D74264}.Debug|x86.ActiveCfg = Debug|Any CPU
		{4FCEC0DD-B3D0-4D4F-A132-22E6A0D74264}.Debug|x86.Build.0 = Debug|Any CPU
		{4FCEC0DD-B3D0-4D4F-A132-22E6A0D74264}.Release|Any CPU.ActiveCfg = Release|Any CPU
		{4FCEC0DD-B3D0-4D4F-A132-22E6A0D74264}.Release|Any CPU.Build.0 = Release|Any CPU
		{4FCEC0DD-B3D0-4D4F-A132-22E6A0D74264}.Release|x64.ActiveCfg = Release|Any CPU
		{4FCEC0DD-B3D0-4D4F-A132-22E6A0D74264}.Release|x64.Build.0 = Release|Any CPU
		{4FCEC0DD-B3D0-4D4F-A132-22E6A0D74264}.Release|x86.ActiveCfg = Release|Any CPU
		{4FCEC0DD-B3D0-4D4F-A132-22E6A0D74264}.Release|x86.Build.0 = Release|Any CPU
		{7F7C201A-0E1F-4056-A1AC-8D9BCD1A0D53}.Debug|Any CPU.ActiveCfg = Debug|Any CPU
		{7F7C201A-0E1F-4056-A1AC-8D9BCD1A0D53}.Debug|Any CPU.Build.0 = Debug|Any CPU
		{7F7C201A-0E1F-4056-A1AC-8D9BCD1A0D53}.Debug|x64.ActiveCfg = Debug|Any CPU
		{7F7C201A-0E1F-4056-A1AC-8D9BCD1A0D53}.Debug|x64.Build.0 = Debug|Any CPU
		{7F7C201A-0E1F-4056-A1AC-8D9BCD1A0D53}.Debug|x86.ActiveCfg = Debug|Any CPU
		{7F7C201A-0E1F-4056-A1AC-8D9BCD1A0D53}.Debug|x86.Build.0 = Debug|Any CPU
		{7F7C201A-0E1F-4056-A1AC-8D9BCD1A0D53}.Release|Any CPU.ActiveCfg = Release|Any CPU
		{7F7C201A-0E1F-4056-A1AC-8D9BCD1A0D53}.Release|Any CPU.Build.0 = Release|Any CPU
		{7F7C201A-0E1F-4056-A1AC-8D9BCD1A0D53}.Release|x64.ActiveCfg = Release|Any CPU
		{7F7C201A-0E1F-4056-A1AC-8D9BCD1A0D53}.Release|x64.Build.0 = Release|Any CPU
		{7F7C201A-0E1F-4056-A1AC-8D9BCD1A0D53}.Release|x86.ActiveCfg = Release|Any CPU
		{7F7C201A-0E1F-4056-A1AC-8D9BCD1A0D53}.Release|x86.Build.0 = Release|Any CPU
		{7386E1AC-E42E-4468-B270-0719E5D3796B}.Debug|Any CPU.ActiveCfg = Debug|Any CPU
		{7386E1AC-E42E-4468-B270-0719E5D3796B}.Debug|Any CPU.Build.0 = Debug|Any CPU
		{7386E1AC-E42E-4468-B270-0719E5D3796B}.Debug|x64.ActiveCfg = Debug|Any CPU
		{7386E1AC-E42E-4468-B270-0719E5D3796B}.Debug|x64.Build.0 = Debug|Any CPU
		{7386E1AC-E42E-4468-B270-0719E5D3796B}.Debug|x86.ActiveCfg = Debug|Any CPU
		{7386E1AC-E42E-4468-B270-0719E5D3796B}.Debug|x86.Build.0 = Debug|Any CPU
		{7386E1AC-E42E-4468-B270-0719E5D3796B}.Release|Any CPU.ActiveCfg = Release|Any CPU
		{7386E1AC-E42E-4468-B270-0719E5D3796B}.Release|Any CPU.Build.0 = Release|Any CPU
		{7386E1AC-E42E-4468-B270-0719E5D3796B}.Release|x64.ActiveCfg = Release|Any CPU
		{7386E1AC-E42E-4468-B270-0719E5D3796B}.Release|x64.Build.0 = Release|Any CPU
		{7386E1AC-E42E-4468-B270-0719E5D3796B}.Release|x86.ActiveCfg = Release|Any CPU
		{7386E1AC-E42E-4468-B270-0719E5D3796B}.Release|x86.Build.0 = Release|Any CPU
		{CDDE271F-180E-49D1-9C7D-82901A692236}.Debug|Any CPU.ActiveCfg = Debug|Any CPU
		{CDDE271F-180E-49D1-9C7D-82901A692236}.Debug|Any CPU.Build.0 = Debug|Any CPU
		{CDDE271F-180E-49D1-9C7D-82901A692236}.Debug|x64.ActiveCfg = Debug|Any CPU
		{CDDE271F-180E-49D1-9C7D-82901A692236}.Debug|x64.Build.0 = Debug|Any CPU
		{CDDE271F-180E-49D1-9C7D-82901A692236}.Debug|x86.ActiveCfg = Debug|Any CPU
		{CDDE271F-180E-49D1-9C7D-82901A692236}.Debug|x86.Build.0 = Debug|Any CPU
		{CDDE271F-180E-49D1-9C7D-82901A692236}.Release|Any CPU.ActiveCfg = Release|Any CPU
		{CDDE271F-180E-49D1-9C7D-82901A692236}.Release|Any CPU.Build.0 = Release|Any CPU
		{CDDE271F-180E-49D1-9C7D-82901A692236}.Release|x64.ActiveCfg = Release|Any CPU
		{CDDE271F-180E-49D1-9C7D-82901A692236}.Release|x64.Build.0 = Release|Any CPU
		{CDDE271F-180E-49D1-9C7D-82901A692236}.Release|x86.ActiveCfg = Release|Any CPU
		{CDDE271F-180E-49D1-9C7D-82901A692236}.Release|x86.Build.0 = Release|Any CPU
		{64AE5D6A-6233-4657-866F-DBCC1E7DF92E}.Debug|Any CPU.ActiveCfg = Debug|Any CPU
		{64AE5D6A-6233-4657-866F-DBCC1E7DF92E}.Debug|Any CPU.Build.0 = Debug|Any CPU
		{64AE5D6A-6233-4657-866F-DBCC1E7DF92E}.Debug|x64.ActiveCfg = Debug|Any CPU
		{64AE5D6A-6233-4657-866F-DBCC1E7DF92E}.Debug|x64.Build.0 = Debug|Any CPU
		{64AE5D6A-6233-4657-866F-DBCC1E7DF92E}.Debug|x86.ActiveCfg = Debug|Any CPU
		{64AE5D6A-6233-4657-866F-DBCC1E7DF92E}.Debug|x86.Build.0 = Debug|Any CPU
		{64AE5D6A-6233-4657-866F-DBCC1E7DF92E}.Release|Any CPU.ActiveCfg = Release|Any CPU
		{64AE5D6A-6233-4657-866F-DBCC1E7DF92E}.Release|Any CPU.Build.0 = Release|Any CPU
		{64AE5D6A-6233-4657-866F-DBCC1E7DF92E}.Release|x64.ActiveCfg = Release|Any CPU
		{64AE5D6A-6233-4657-866F-DBCC1E7DF92E}.Release|x64.Build.0 = Release|Any CPU
		{64AE5D6A-6233-4657-866F-DBCC1E7DF92E}.Release|x86.ActiveCfg = Release|Any CPU
		{64AE5D6A-6233-4657-866F-DBCC1E7DF92E}.Release|x86.Build.0 = Release|Any CPU
		{0D6083E0-352E-417C-869F-3E02ED95F246}.Debug|Any CPU.ActiveCfg = Debug|Any CPU
		{0D6083E0-352E-417C-869F-3E02ED95F246}.Debug|Any CPU.Build.0 = Debug|Any CPU
		{0D6083E0-352E-417C-869F-3E02ED95F246}.Debug|x64.ActiveCfg = Debug|Any CPU
		{0D6083E0-352E-417C-869F-3E02ED95F246}.Debug|x64.Build.0 = Debug|Any CPU
		{0D6083E0-352E-417C-869F-3E02ED95F246}.Debug|x86.ActiveCfg = Debug|Any CPU
		{0D6083E0-352E-417C-869F-3E02ED95F246}.Debug|x86.Build.0 = Debug|Any CPU
		{0D6083E0-352E-417C-869F-3E02ED95F246}.Release|Any CPU.ActiveCfg = Release|Any CPU
		{0D6083E0-352E-417C-869F-3E02ED95F246}.Release|Any CPU.Build.0 = Release|Any CPU
		{0D6083E0-352E-417C-869F-3E02ED95F246}.Release|x64.ActiveCfg = Release|Any CPU
		{0D6083E0-352E-417C-869F-3E02ED95F246}.Release|x64.Build.0 = Release|Any CPU
		{0D6083E0-352E-417C-869F-3E02ED95F246}.Release|x86.ActiveCfg = Release|Any CPU
		{0D6083E0-352E-417C-869F-3E02ED95F246}.Release|x86.Build.0 = Release|Any CPU
		{AF660EAD-0ED6-4BDD-B524-70FDF783FB82}.Debug|Any CPU.ActiveCfg = Debug|Any CPU
		{AF660EAD-0ED6-4BDD-B524-70FDF783FB82}.Debug|Any CPU.Build.0 = Debug|Any CPU
		{AF660EAD-0ED6-4BDD-B524-70FDF783FB82}.Debug|x64.ActiveCfg = Debug|Any CPU
		{AF660EAD-0ED6-4BDD-B524-70FDF783FB82}.Debug|x64.Build.0 = Debug|Any CPU
		{AF660EAD-0ED6-4BDD-B524-70FDF783FB82}.Debug|x86.ActiveCfg = Debug|Any CPU
		{AF660EAD-0ED6-4BDD-B524-70FDF783FB82}.Debug|x86.Build.0 = Debug|Any CPU
		{AF660EAD-0ED6-4BDD-B524-70FDF783FB82}.Release|Any CPU.ActiveCfg = Release|Any CPU
		{AF660EAD-0ED6-4BDD-B524-70FDF783FB82}.Release|Any CPU.Build.0 = Release|Any CPU
		{AF660EAD-0ED6-4BDD-B524-70FDF783FB82}.Release|x64.ActiveCfg = Release|Any CPU
		{AF660EAD-0ED6-4BDD-B524-70FDF783FB82}.Release|x64.Build.0 = Release|Any CPU
		{AF660EAD-0ED6-4BDD-B524-70FDF783FB82}.Release|x86.ActiveCfg = Release|Any CPU
		{AF660EAD-0ED6-4BDD-B524-70FDF783FB82}.Release|x86.Build.0 = Release|Any CPU
		{BE313C50-DC3D-4D31-8DD7-47B1F8171B81}.Debug|Any CPU.ActiveCfg = Debug|Any CPU
		{BE313C50-DC3D-4D31-8DD7-47B1F8171B81}.Debug|Any CPU.Build.0 = Debug|Any CPU
		{BE313C50-DC3D-4D31-8DD7-47B1F8171B81}.Debug|x64.ActiveCfg = Debug|Any CPU
		{BE313C50-DC3D-4D31-8DD7-47B1F8171B81}.Debug|x64.Build.0 = Debug|Any CPU
		{BE313C50-DC3D-4D31-8DD7-47B1F8171B81}.Debug|x86.ActiveCfg = Debug|Any CPU
		{BE313C50-DC3D-4D31-8DD7-47B1F8171B81}.Debug|x86.Build.0 = Debug|Any CPU
		{BE313C50-DC3D-4D31-8DD7-47B1F8171B81}.Release|Any CPU.ActiveCfg = Release|Any CPU
		{BE313C50-DC3D-4D31-8DD7-47B1F8171B81}.Release|Any CPU.Build.0 = Release|Any CPU
		{BE313C50-DC3D-4D31-8DD7-47B1F8171B81}.Release|x64.ActiveCfg = Release|Any CPU
		{BE313C50-DC3D-4D31-8DD7-47B1F8171B81}.Release|x64.Build.0 = Release|Any CPU
		{BE313C50-DC3D-4D31-8DD7-47B1F8171B81}.Release|x86.ActiveCfg = Release|Any CPU
		{BE313C50-DC3D-4D31-8DD7-47B1F8171B81}.Release|x86.Build.0 = Release|Any CPU
		{261DA3F9-B2C8-4A5E-9D8D-3714702E7362}.Debug|Any CPU.ActiveCfg = Debug|Any CPU
		{261DA3F9-B2C8-4A5E-9D8D-3714702E7362}.Debug|Any CPU.Build.0 = Debug|Any CPU
		{261DA3F9-B2C8-4A5E-9D8D-3714702E7362}.Debug|x64.ActiveCfg = Debug|Any CPU
		{261DA3F9-B2C8-4A5E-9D8D-3714702E7362}.Debug|x64.Build.0 = Debug|Any CPU
		{261DA3F9-B2C8-4A5E-9D8D-3714702E7362}.Debug|x86.ActiveCfg = Debug|Any CPU
		{261DA3F9-B2C8-4A5E-9D8D-3714702E7362}.Debug|x86.Build.0 = Debug|Any CPU
		{261DA3F9-B2C8-4A5E-9D8D-3714702E7362}.Release|Any CPU.ActiveCfg = Release|Any CPU
		{261DA3F9-B2C8-4A5E-9D8D-3714702E7362}.Release|Any CPU.Build.0 = Release|Any CPU
		{261DA3F9-B2C8-4A5E-9D8D-3714702E7362}.Release|x64.ActiveCfg = Release|Any CPU
		{261DA3F9-B2C8-4A5E-9D8D-3714702E7362}.Release|x64.Build.0 = Release|Any CPU
		{261DA3F9-B2C8-4A5E-9D8D-3714702E7362}.Release|x86.ActiveCfg = Release|Any CPU
		{261DA3F9-B2C8-4A5E-9D8D-3714702E7362}.Release|x86.Build.0 = Release|Any CPU
		{D76DED26-96BF-4E3C-A420-7115AC484D15}.Debug|Any CPU.ActiveCfg = Debug|Any CPU
		{D76DED26-96BF-4E3C-A420-7115AC484D15}.Debug|Any CPU.Build.0 = Debug|Any CPU
		{D76DED26-96BF-4E3C-A420-7115AC484D15}.Debug|x64.ActiveCfg = Debug|Any CPU
		{D76DED26-96BF-4E3C-A420-7115AC484D15}.Debug|x64.Build.0 = Debug|Any CPU
		{D76DED26-96BF-4E3C-A420-7115AC484D15}.Debug|x86.ActiveCfg = Debug|Any CPU
		{D76DED26-96BF-4E3C-A420-7115AC484D15}.Debug|x86.Build.0 = Debug|Any CPU
		{D76DED26-96BF-4E3C-A420-7115AC484D15}.Release|Any CPU.ActiveCfg = Release|Any CPU
		{D76DED26-96BF-4E3C-A420-7115AC484D15}.Release|Any CPU.Build.0 = Release|Any CPU
		{D76DED26-96BF-4E3C-A420-7115AC484D15}.Release|x64.ActiveCfg = Release|Any CPU
		{D76DED26-96BF-4E3C-A420-7115AC484D15}.Release|x64.Build.0 = Release|Any CPU
		{D76DED26-96BF-4E3C-A420-7115AC484D15}.Release|x86.ActiveCfg = Release|Any CPU
		{D76DED26-96BF-4E3C-A420-7115AC484D15}.Release|x86.Build.0 = Release|Any CPU
	EndGlobalSection
	GlobalSection(SolutionProperties) = preSolution
		HideSolutionNode = FALSE
	EndGlobalSection
	GlobalSection(NestedProjects) = preSolution
		{EBF39D2B-C5C7-4A57-928D-B70F81DFD4CA} = {A0596E84-2522-6F31-0F43-77167BFA80D0}
		{85E3A286-880E-ADB0-5CF2-3F1BDB3A4229} = {4F52FD11-658E-A102-6CD3-7D7C16FFA15B}
		{23D61C9F-2B04-40CA-A9BB-849CA3271997} = {85E3A286-880E-ADB0-5CF2-3F1BDB3A4229}
		{60138FD8-9E5C-406D-A59F-BF8D0E4DB737} = {FBF56CC3-7AE6-AD2D-3F14-7F97FD322CD6}
		{4FCEC0DD-B3D0-4D4F-A132-22E6A0D74264} = {0AB3BF05-4346-4AA6-1389-037BE0695223}
		{7F7C201A-0E1F-4056-A1AC-8D9BCD1A0D53} = {0AB3BF05-4346-4AA6-1389-037BE0695223}
		{7386E1AC-E42E-4468-B270-0719E5D3796B} = {8966EFF1-A2EF-89BB-168D-3BE157AAD68F}
		{CDDE271F-180E-49D1-9C7D-82901A692236} = {0AB3BF05-4346-4AA6-1389-037BE0695223}
		{64AE5D6A-6233-4657-866F-DBCC1E7DF92E} = {50B9B4A9-43E1-A31E-5DB4-91265D462A62}
		{0D6083E0-352E-417C-869F-3E02ED95F246} = {0AB3BF05-4346-4AA6-1389-037BE0695223}
		{4B989017-9F9B-6999-0909-34F1AFF05706} = {4F52FD11-658E-A102-6CD3-7D7C16FFA15B}
		{AF660EAD-0ED6-4BDD-B524-70FDF783FB82} = {4B989017-9F9B-6999-0909-34F1AFF05706}
		{7F8E4E6E-CF2F-69FC-98F5-0108D6196449} = {CF903B69-61D8-CA65-D62D-F1BA564FAC5B}
		{BE313C50-DC3D-4D31-8DD7-47B1F8171B81} = {7F8E4E6E-CF2F-69FC-98F5-0108D6196449}
		{261DA3F9-B2C8-4A5E-9D8D-3714702E7362} = {0AB3BF05-4346-4AA6-1389-037BE0695223}
		{D76DED26-96BF-4E3C-A420-7115AC484D15} = {0AB3BF05-4346-4AA6-1389-037BE0695223}
	EndGlobalSection
EndGlobal
